<?xml version="1.0" encoding="UTF-8"?>
<Scheme
   LastUpgradeVersion = "0620"
   version = "2.0">
   <BuildAction
      parallelizeBuildables = "YES"
      buildImplicitDependencies = "YES">
      <BuildActionEntries>
         <BuildActionEntry
            buildForTesting = "YES"
            buildForRunning = "YES"
            buildForProfiling = "YES"
            buildForArchiving = "YES"
            buildForAnalyzing = "YES">
            <BuildableReference
               BuildableIdentifier = "primary"
               BlueprintIdentifier = "44C6A6CD1AB8E1BE00548D26"
               BuildableName = "ElClima WatchKit App.app"
               BlueprintName = "ElClima WatchKit App"
               ReferencedContainer = "container:ElClima.xcodeproj">
            </BuildableReference>
         </BuildActionEntry>
         <BuildActionEntry
            buildForTesting = "YES"
            buildForRunning = "YES"
            buildForProfiling = "YES"
            buildForArchiving = "YES"
            buildForAnalyzing = "YES">
            <BuildableReference
               BuildableIdentifier = "primary"
               BlueprintIdentifier = "44E5E91C1AB8D0A200F72F39"
               BuildableName = "ElClima.app"
               BlueprintName = "ElClima"
               ReferencedContainer = "container:ElClima.xcodeproj">
            </BuildableReference>
         </BuildActionEntry>
         <BuildActionEntry
            buildForTesting = "YES"
            buildForRunning = "YES"
            buildForProfiling = "YES"
            buildForArchiving = "YES"
            buildForAnalyzing = "YES">
            <BuildableReference
               BuildableIdentifier = "primary"
               BlueprintIdentifier = "44C6A6BB1AB8E1BE00548D26"
               BuildableName = "ElClima WatchKit Extension.appex"
               BlueprintName = "ElClima WatchKit Extension"
               ReferencedContainer = "container:ElClima.xcodeproj">
            </BuildableReference>
         </BuildActionEntry>
         <BuildActionEntry
            buildForTesting = "YES"
            buildForRunning = "YES"
            buildForProfiling = "NO"
            buildForArchiving = "NO"
            buildForAnalyzing = "YES">
            <BuildableReference
               BuildableIdentifier = "primary"
               BlueprintIdentifier = "44C6A6F21AB8E2BC00548D26"
               BuildableName = "MyWeatherTests.xctest"
               BlueprintName = "MyWeatherTests"
               ReferencedContainer = "container:ElClima.xcodeproj">
            </BuildableReference>
         </BuildActionEntry>
      </BuildActionEntries>
   </BuildAction>
   <TestAction
      selectedDebuggerIdentifier = "Xcode.DebuggerFoundation.Debugger.LLDB"
      selectedLauncherIdentifier = "Xcode.DebuggerFoundation.Launcher.LLDB"
      shouldUseLaunchSchemeArgsEnv = "YES"
      buildConfiguration = "Debug">
      <Testables>
         <TestableReference
            skipped = "NO">
            <BuildableReference
               BuildableIdentifier = "primary"
               BlueprintIdentifier = "44C6A6F21AB8E2BC00548D26"
               BuildableName = "MyWeatherTests.xctest"
               BlueprintName = "MyWeatherTests"
               ReferencedContainer = "container:ElClima.xcodeproj">
            </BuildableReference>
         </TestableReference>
      </Testables>
      <MacroExpansion>
         <BuildableReference
            BuildableIdentifier = "primary"
            BlueprintIdentifier = "44C6A6CD1AB8E1BE00548D26"
            BuildableName = "ElClima WatchKit App.app"
            BlueprintName = "ElClima WatchKit App"
            ReferencedContainer = "container:ElClima.xcodeproj">
         </BuildableReference>
      </MacroExpansion>
   </TestAction>
   <LaunchAction
      selectedDebuggerIdentifier = "Xcode.DebuggerFoundation.Debugger.LLDB"
      selectedLauncherIdentifier = "Xcode.DebuggerFoundation.Launcher.LLDB"
      launchStyle = "0"
      useCustomWorkingDirectory = "NO"
      buildConfiguration = "Debug"
      ignoresPersistentStateOnLaunch = "NO"
      debugDocumentVersioning = "YES"
      allowLocationSimulation = "YES"
      launchAutomaticallySubstyle = "4"
      notificationPayloadFile = "ElClima WatchKit Extension/PushNotificationPayload.apns">
      <RemoteRunnable
         runnableDebuggingMode = "2"
         BundleIdentifier = "com.apple.springboard"
         RemotePath = "/ElClima">
         <BuildableReference
            BuildableIdentifier = "primary"
            BlueprintIdentifier = "44C6A6CD1AB8E1BE00548D26"
            BuildableName = "ElClima WatchKit App.app"
            BlueprintName = "ElClima WatchKit App"
            ReferencedContainer = "container:ElClima.xcodeproj">
         </BuildableReference>
      </RemoteRunnable>
      <MacroExpansion>
         <BuildableReference
            BuildableIdentifier = "primary"
            BlueprintIdentifier = "44C6A6CD1AB8E1BE00548D26"
            BuildableName = "ElClima WatchKit App.app"
            BlueprintName = "ElClima WatchKit App"
            ReferencedContainer = "container:ElClima.xcodeproj">
         </BuildableReference>
      </MacroExpansion>
      <AdditionalOptions>
      </AdditionalOptions>
   </LaunchAction>
   <ProfileAction
      shouldUseLaunchSchemeArgsEnv = "YES"
      savedToolIdentifier = ""
      useCustomWorkingDirectory = "NO"
      buildConfiguration = "Release"
      debugDocumentVersioning = "YES">
      <RemoteRunnable
         runnableDebuggingMode = "2"
         BundleIdentifier = "com.apple.springboard"
         RemotePath = "/ElClima">
         <BuildableReference
            BuildableIdentifier = "primary"
            BlueprintIdentifier = "44C6A6CD1AB8E1BE00548D26"
            BuildableName = "ElClima WatchKit App.app"
            BlueprintName = "ElClima WatchKit App"
            ReferencedContainer = "container:ElClima.xcodeproj">
         </BuildableReference>
      </RemoteRunnable>
      <MacroExpansion>
         <BuildableReference
            BuildableIdentifier = "primary"
            BlueprintIdentifier = "44C6A6CD1AB8E1BE00548D26"
            BuildableName = "ElClima WatchKit App.app"
            BlueprintName = "ElClima WatchKit App"
            ReferencedContainer = "container:ElClima.xcodeproj">
         </BuildableReference>
      </MacroExpansion>
   </ProfileAction>
   <AnalyzeAction
      buildConfiguration = "Debug">
   </AnalyzeAction>
   <ArchiveAction
      buildConfiguration = "Release"
      revealArchiveInOrganizer = "YES">
   </ArchiveAction>
</Scheme>
